# This file is @generated by PDM.
# It is not intended for manual editing.

[[package]]
name = "cycler"
version = "0.10.0"
summary = "Composable style cycles"
dependencies = [
    "six",
]

[[package]]
name = "future"
version = "0.18.3"
requires_python = ">=2.6, !=3.0.*, !=3.1.*, !=3.2.*"
summary = "Clean single-source support for Python 3 and 2"

[[package]]
name = "kiwisolver"
version = "1.1.0"
requires_python = ">=2.7, !=3.0.*, !=3.1.*, !=3.2.*, !=3.3.*"
summary = "A fast implementation of the Cassowary constraint solver"
dependencies = [
    "setuptools",
]

[[package]]
name = "matplotlib"
version = "3.1.1"
requires_python = ">=3.6"
summary = "Python plotting package"
dependencies = [
    "cycler>=0.10",
    "kiwisolver>=1.0.1",
    "numpy>=1.11",
    "pyparsing!=2.0.4,!=2.1.2,!=2.1.6,>=2.0.1",
    "python-dateutil>=2.1",
]

[[package]]
name = "numpy"
version = "1.17.2"
requires_python = ">=3.5"
summary = "NumPy is the fundamental package for array computing with Python."

[[package]]
name = "pandas"
version = "0.25.1"
requires_python = ">=3.5.3"
summary = "Powerful data structures for data analysis, time series, and statistics"
dependencies = [
    "numpy>=1.13.3",
    "python-dateutil>=2.6.1",
    "pytz>=2017.2",
]

[[package]]
name = "pillow"
version = "6.2.0"
requires_python = ">=2.7, !=3.0.*, !=3.1.*, !=3.2.*, !=3.3.*, !=3.4.*"
summary = "Python Imaging Library (Fork)"

[[package]]
name = "protobuf"
version = "3.9.2"
summary = "Protocol Buffers"
dependencies = [
    "setuptools",
    "six>=1.9",
]

[[package]]
name = "pyparsing"
version = "2.4.2"
requires_python = ">=2.6, !=3.0.*, !=3.1.*, !=3.2.*"
summary = "Python parsing module"

[[package]]
name = "python-dateutil"
version = "2.8.0"
requires_python = ">=2.7, !=3.0.*, !=3.1.*, !=3.2.*"
summary = "Extensions to the standard Python datetime module"
dependencies = [
    "six>=1.5",
]

[[package]]
name = "pytz"
version = "2019.2"
summary = "World timezone definitions, modern and historical"

[[package]]
name = "scipy"
version = "1.3.1"
requires_python = ">=3.5"
summary = "SciPy: Scientific Library for Python"
dependencies = [
    "numpy>=1.13.3",
]

[[package]]
name = "seaborn"
version = "0.9.0"
summary = "seaborn: statistical data visualization"
dependencies = [
    "matplotlib>=1.4.3",
    "numpy>=1.9.3",
    "pandas>=0.15.2",
    "scipy>=0.14.0",
]

[[package]]
name = "setuptools"
version = "67.2.0"
requires_python = ">=3.7"
summary = "Easily download, build, install, upgrade, and uninstall Python packages"

[[package]]
name = "six"
version = "1.12.0"
requires_python = ">=2.6, !=3.0.*, !=3.1.*"
summary = "Python 2 and 3 compatibility utilities"

[[package]]
name = "tensorboardx"
version = "1.8"
summary = "TensorBoardX lets you watch Tensors Flow without Tensorflow"
dependencies = [
    "numpy",
    "protobuf>=3.2.0",
    "six",
]

[[package]]
name = "torch"
version = "1.2.0"
summary = "Tensors and Dynamic neural networks in Python with strong GPU acceleration"
dependencies = [
    "future",
    "numpy",
]

[[package]]
name = "torchvision"
version = "0.4.0"
summary = "image and video datasets and models for torch deep learning"
dependencies = [
    "numpy",
    "pillow>=4.1.1",
    "six",
    "torch==1.2.0",
]

[[package]]
name = "tqdm"
version = "4.36.1"
requires_python = ">=2.6, !=3.0.*, !=3.1.*"
summary = "Fast, Extensible Progress Meter"

[metadata]
lock_version = "4.1"
content_hash = "sha256:a6fd418eafd8a6ccd3df206fc1118befc4fdceb97c05920702ead8ea491fcda1"

[metadata.files]
"cycler 0.10.0" = [
    {url = "https://files.pythonhosted.org/packages/c2/4b/137dea450d6e1e3d474e1d873cd1d4f7d3beed7e0dc973b06e8e10d32488/cycler-0.10.0.tar.gz", hash = "sha256:cd7b2d1018258d7247a71425e9f26463dfb444d411c39569972f4ce586b0c9d8"},
    {url = "https://files.pythonhosted.org/packages/f7/d2/e07d3ebb2bd7af696440ce7e754c59dd546ffe1bbe732c8ab68b9c834e61/cycler-0.10.0-py2.py3-none-any.whl", hash = "sha256:1d8a5ae1ff6c5cf9b93e8811e581232ad8920aeec647c37316ceac982b08cb2d"},
]
"future 0.18.3" = [
    {url = "https://files.pythonhosted.org/packages/8f/2e/cf6accf7415237d6faeeebdc7832023c90e0282aa16fd3263db0eb4715ec/future-0.18.3.tar.gz", hash = "sha256:34a17436ed1e96697a86f9de3d15a3b0be01d8bc8de9c1dffd59fb8234ed5307"},
]
"kiwisolver 1.1.0" = [
    {url = "https://files.pythonhosted.org/packages/04/73/69c86f3c617ea80d25f4ba7af3e5ce9bad72a4d024c2e7dc94524f8cbefa/kiwisolver-1.1.0-cp34-cp34m-manylinux1_x86_64.whl", hash = "sha256:8aa7009437640beb2768bfd06da049bad0df85f47ff18426261acecd1cf00897"},
    {url = "https://files.pythonhosted.org/packages/0d/15/ec5f70ac79f378ed0ef5ed8b71e8a04e382115426b2cda9a3ab5ffcf467f/kiwisolver-1.1.0-cp27-cp27m-macosx_10_6_intel.macosx_10_9_intel.macosx_10_9_x86_64.macosx_10_10_intel.macosx_10_10_x86_64.whl", hash = "sha256:7f4dd50874177d2bb060d74769210f3bce1af87a8c7cf5b37d032ebf94f0aca3"},
    {url = "https://files.pythonhosted.org/packages/15/14/a7ae5a7d5fae78b40dd0d388d83010330cba2df1721b1bd91a8b99044141/kiwisolver-1.1.0-cp36-none-win32.whl", hash = "sha256:db1a5d3cc4ae943d674718d6c47d2d82488ddd94b93b9e12d24aabdbfe48caee"},
    {url = "https://files.pythonhosted.org/packages/16/e7/df58eb8868d183223692d2a62529a594f6414964a3ae93548467b146a24d/kiwisolver-1.1.0.tar.gz", hash = "sha256:53eaed412477c836e1b9522c19858a8557d6e595077830146182225613b11a75"},
    {url = "https://files.pythonhosted.org/packages/18/b5/af6fbe0a6716a945dcfb2d175fd4b106fbaeb69bd9561c191265dd612ab6/kiwisolver-1.1.0-cp36-cp36m-manylinux1_i686.whl", hash = "sha256:f16814a4a96dc04bf1da7d53ee8d5b1d6decfc1a92a63349bb15d37b6a263dd9"},
    {url = "https://files.pythonhosted.org/packages/20/59/348ec95bf21031b7ac8f406324dbd400a973a2212c92df045a772269d985/kiwisolver-1.1.0-cp34-none-win_amd64.whl", hash = "sha256:79bfb2f0bd7cbf9ea256612c9523367e5ec51d7cd616ae20ca2c90f575d839a2"},
    {url = "https://files.pythonhosted.org/packages/20/6a/e5fff2ed776ab0cd11d7c1d5d3e5e549952464a6f1b9084b7ecbd8341352/kiwisolver-1.1.0-cp37-none-win32.whl", hash = "sha256:8944a16020c07b682df861207b7e0efcd2f46c7488619cb55f65882279119389"},
    {url = "https://files.pythonhosted.org/packages/21/0b/23b4e5ffd23833354cdd4257b526bab807addf2896725b2332eba81a03a2/kiwisolver-1.1.0-cp27-none-win32.whl", hash = "sha256:47b8cb81a7d18dbaf4fed6a61c3cecdb5adec7b4ac292bddb0d016d57e8507d5"},
    {url = "https://files.pythonhosted.org/packages/22/a7/8f7706e8c1e847b9816bbb2c4c341e2ae9568653f17956f839574ed62815/kiwisolver-1.1.0-cp38-cp38-macosx_10_9_x86_64.whl", hash = "sha256:933df612c453928f1c6faa9236161a1d999a26cd40abf1dc5d7ebbc6dbfb8fca"},
    {url = "https://files.pythonhosted.org/packages/28/b7/c7dcca53f893b185a0e1a9b39e04c314c6d09aea2a042537445b300e0c2d/kiwisolver-1.1.0-cp27-cp27mu-manylinux1_i686.whl", hash = "sha256:e8bf074363ce2babeb4764d94f8e65efd22e6a7c74860a4f05a6947afc020ff2"},
    {url = "https://files.pythonhosted.org/packages/35/7c/4a256e39cf55d3b8c8a1fb98e4245eac91bf217194e8173648a1fce00983/kiwisolver-1.1.0-cp34-cp34m-macosx_10_6_intel.macosx_10_9_intel.macosx_10_9_x86_64.macosx_10_10_intel.macosx_10_10_x86_64.whl", hash = "sha256:682e54f0ce8f45981878756d7203fd01e188cc6c8b2c5e2cf03675390b4534d5"},
    {url = "https://files.pythonhosted.org/packages/37/a4/12cd51e87f5a74953f14e8b63bff5e4b9627445da0f7ebe0f365d35959bd/kiwisolver-1.1.0-cp35-cp35m-manylinux1_i686.whl", hash = "sha256:58e626e1f7dfbb620d08d457325a4cdac65d1809680009f46bf41eaf74ad0187"},
    {url = "https://files.pythonhosted.org/packages/3d/78/cb9248b2289ec31e301137cedbe4ca503a74ca87f88cdbfd2f8be52323bf/kiwisolver-1.1.0-cp27-cp27mu-manylinux1_x86_64.whl", hash = "sha256:05b5b061e09f60f56244adc885c4a7867da25ca387376b02c1efc29cc16bcd0f"},
    {url = "https://files.pythonhosted.org/packages/49/5d/d1726d2a2fd471a69ef5014ca42812e1ccb8a13085c42bfcb238a5611f39/kiwisolver-1.1.0-cp36-cp36m-macosx_10_6_intel.macosx_10_9_intel.macosx_10_9_x86_64.macosx_10_10_intel.macosx_10_10_x86_64.whl", hash = "sha256:acc4df99308111585121db217681f1ce0eecb48d3a828a2f9bbf9773f4937e9e"},
    {url = "https://files.pythonhosted.org/packages/4b/5e/875e69701360f832d79458fbd36ac7cb4c126834347cff5a67a727064848/kiwisolver-1.1.0-cp27-cp27m-macosx_10_6_intel.whl", hash = "sha256:fe51b79da0062f8e9d49ed0182a626a7dc7a0cbca0328f612c6ee5e4711c81e4"},
    {url = "https://files.pythonhosted.org/packages/4e/02/9c79d58f2e9f61d201f8390b5f51fdb0c19e777a241818b784f2a38ee013/kiwisolver-1.1.0-cp27-none-win_amd64.whl", hash = "sha256:b64916959e4ae0ac78af7c3e8cef4becee0c0e9694ad477b4c6b3a536de6a544"},
    {url = "https://files.pythonhosted.org/packages/54/82/984a657c3f247a229cc46d93c87a5fbbd852c7869fd7772ab4e04dedc53c/kiwisolver-1.1.0-cp36-cp36m-macosx_10_6_intel.whl", hash = "sha256:9105ce82dcc32c73eb53a04c869b6a4bc756b43e4385f76ea7943e827f529e4d"},
    {url = "https://files.pythonhosted.org/packages/5b/47/d554741358645d1eb0adad6b1558094701ce9ed300f17f21c044f118b7de/kiwisolver-1.1.0-cp27-cp27m-manylinux1_x86_64.whl", hash = "sha256:f2b22153870ca5cf2ab9c940d7bc38e8e9089fa0f7e5856ea195e1cf4ff43d5a"},
    {url = "https://files.pythonhosted.org/packages/64/46/75ab48386cbd56065f5542360562be524ad599911455b6d95520cb118613/kiwisolver-1.1.0-cp36-none-win_amd64.whl", hash = "sha256:5a52e1b006bfa5be04fe4debbcdd2688432a9af4b207a3f429c74ad625022641"},
    {url = "https://files.pythonhosted.org/packages/64/8b/a70681c9a471f8187fed80d0aa9c9bb55ec3bf9daa50bd1cdc0c73d4910c/kiwisolver-1.1.0-cp38-cp38-manylinux1_x86_64.whl", hash = "sha256:210d8c39d01758d76c2b9a693567e1657ec661229bc32eac30761fa79b2474b0"},
    {url = "https://files.pythonhosted.org/packages/66/c8/5800451b96689d61da8a2de4a7123086b5d14a58642ee1ee487d19a63e07/kiwisolver-1.1.0-cp35-none-win32.whl", hash = "sha256:939f36f21a8c571686eb491acfffa9c7f1ac345087281b412d63ea39ca14ec4a"},
    {url = "https://files.pythonhosted.org/packages/73/c8/ec7ec2a9b5efd26cdb5a72bfff1cfc2eda11d981bb58a44351c7113e2e29/kiwisolver-1.1.0-cp38-none-win_amd64.whl", hash = "sha256:3b15d56a9cd40c52d7ab763ff0bc700edbb4e1a298dc43715ecccd605002cf11"},
    {url = "https://files.pythonhosted.org/packages/87/2b/25e897aee57ec56f63d349a18d0290d256d08f5822c211e81c1e83cebcc2/kiwisolver-1.1.0-cp37-cp37m-manylinux1_i686.whl", hash = "sha256:5c7ca4e449ac9f99b3b9d4693debb1d6d237d1542dd6a56b3305fe8a9620f883"},
    {url = "https://files.pythonhosted.org/packages/93/f8/518fb0bb89860eea6ff1b96483fbd9236d5ee991485d0f3eceff1770f654/kiwisolver-1.1.0-cp37-cp37m-manylinux1_x86_64.whl", hash = "sha256:a0c0a9f06872330d0dd31b45607197caab3c22777600e88031bfe66799e70bb0"},
    {url = "https://files.pythonhosted.org/packages/a8/f8/e42f71f7501d962ca42cf140c908503af62fe75bb0ce6cf5ae8fbbab8ed7/kiwisolver-1.1.0-cp37-cp37m-macosx_10_6_intel.whl", hash = "sha256:9491578147849b93e70d7c1d23cb1229458f71fc79c51d52dce0809b2ca44eea"},
    {url = "https://files.pythonhosted.org/packages/b5/31/1e079d69c92ea37e993503e5e6a7d04975c2dfb0e7d8c0c924f47c51e76d/kiwisolver-1.1.0-cp35-cp35m-macosx_10_6_intel.macosx_10_9_intel.macosx_10_9_x86_64.macosx_10_10_intel.macosx_10_10_x86_64.whl", hash = "sha256:3b2378ad387f49cbb328205bda569b9f87288d6bc1bf4cd683c34523a2341efe"},
    {url = "https://files.pythonhosted.org/packages/b8/15/dee24fc03c461023958f20dce4bd0c1c78a58e191142e037bfc30199f845/kiwisolver-1.1.0-cp35-cp35m-macosx_10_6_intel.whl", hash = "sha256:aa716b9122307c50686356cfb47bfbc66541868078d0c801341df31dca1232a9"},
    {url = "https://files.pythonhosted.org/packages/b8/6b/f943e0a3a216599032e3c8cf9f637b3e3115ebd9e160bc222acb8afd28a6/kiwisolver-1.1.0-cp38-cp38-manylinux1_i686.whl", hash = "sha256:d22702cadb86b6fcba0e6b907d9f84a312db9cd6934ee728144ce3018e715ee1"},
    {url = "https://files.pythonhosted.org/packages/b9/b1/118f3d5dee660bbe4548f06dcd0e1a10e45458326c3d0efad7dbbf28be24/kiwisolver-1.1.0-cp38-none-win32.whl", hash = "sha256:76275ee077772c8dde04fb6c5bc24b91af1bb3e7f4816fd1852f1495a64dad93"},
    {url = "https://files.pythonhosted.org/packages/c5/e8/4e8f43fbdcd469ee6471d9d4cc14bf7880921d54785dd68cc3485ba6d1bf/kiwisolver-1.1.0-cp34-none-win32.whl", hash = "sha256:26f4fbd6f5e1dabff70a9ba0d2c4bd30761086454aa30dddc5b52764ee4852b7"},
    {url = "https://files.pythonhosted.org/packages/c6/ea/e5474014a13ab2dcb5056608e0716c600c3d8a8bcffb10ed55ccd6a42eb0/kiwisolver-1.1.0-cp37-none-win_amd64.whl", hash = "sha256:d3fcf0819dc3fea58be1fd1ca390851bdb719a549850e708ed858503ff25d995"},
    {url = "https://files.pythonhosted.org/packages/df/93/8bc9b52a8846be2b9572aa0a7c881930939b06e4abe1162da6a0430b794f/kiwisolver-1.1.0-cp37-cp37m-macosx_10_6_intel.macosx_10_9_intel.macosx_10_9_x86_64.macosx_10_10_intel.macosx_10_10_x86_64.whl", hash = "sha256:a02f6c3e229d0b7220bd74600e9351e18bc0c361b05f29adae0d10599ae0e326"},
    {url = "https://files.pythonhosted.org/packages/e4/82/a44f0f551a8b16ff6e4a713ab08215cbe5466541afaf4a5a737e073977f4/kiwisolver-1.1.0-cp27-cp27m-manylinux1_i686.whl", hash = "sha256:f790f8b3dff3d53453de6a7b7ddd173d2e020fb160baff578d578065b108a05f"},
    {url = "https://files.pythonhosted.org/packages/e8/27/74677003aecfc85421f6b70db3e49b52e65f6497a5f2faf4e345588b3c61/kiwisolver-1.1.0-cp35-none-win_amd64.whl", hash = "sha256:9733b7f64bd9f807832d673355f79703f81f0b3e52bfce420fc00d8cb28c6a6c"},
    {url = "https://files.pythonhosted.org/packages/ee/18/4cd2e84c6aff0c6a50479118083d20b9e676e5175a913c0ea76d700fc244/kiwisolver-1.1.0-cp35-cp35m-manylinux1_x86_64.whl", hash = "sha256:e3a21a720791712ed721c7b95d433e036134de6f18c77dbe96119eaf7aa08004"},
    {url = "https://files.pythonhosted.org/packages/f2/2d/dcbdde7acaf48a743ef6f15d2b12033d3665afcf96233a78ee0a311f9006/kiwisolver-1.1.0-cp34-cp34m-manylinux1_i686.whl", hash = "sha256:d52e3b1868a4e8fd18b5cb15055c76820df514e26aa84cc02f593d99fef6707f"},
    {url = "https://files.pythonhosted.org/packages/f8/a1/5742b56282449b1c0968197f63eae486eca2c35dcd334bab75ad524e0de1/kiwisolver-1.1.0-cp36-cp36m-manylinux1_x86_64.whl", hash = "sha256:400599c0fe58d21522cae0e8b22318e09d9729451b17ee61ba8e1e7c0346565c"},
]
"matplotlib 3.1.1" = [
    {url = "https://files.pythonhosted.org/packages/12/d1/7b12cd79c791348cb0c78ce6e7d16bd72992f13c9f1e8e43d2725a6d8adf/matplotlib-3.1.1.tar.gz", hash = "sha256:1febd22afe1489b13c6749ea059d392c03261b2950d1d45c17e3aed812080c93"},
    {url = "https://files.pythonhosted.org/packages/19/7a/60bd79c5d79559150f8bba866dd7d434f0a170312e4d15e8aefa5faba294/matplotlib-3.1.1-cp37-cp37m-manylinux1_x86_64.whl", hash = "sha256:31a30d03f39528c79f3a592857be62a08595dec4ac034978ecd0f814fa0eec2d"},
    {url = "https://files.pythonhosted.org/packages/1a/c0/69e3f695d7384012e90be1e16570c08953baae00fd98094179ef87c7d5a2/matplotlib-3.1.1-cp37-cp37m-win_amd64.whl", hash = "sha256:4442ce720907f67a79d45de9ada47be81ce17e6c2f448b3c64765af93f6829c9"},
    {url = "https://files.pythonhosted.org/packages/39/ae/60ec3ec8f8a18c5eef71c6dff7ed0dfa0cd2f2d57b6691e595e2bc43325f/matplotlib-3.1.1-cp36-cp36m-win32.whl", hash = "sha256:934e6243df7165aad097572abf5b6003c77c9b6c480c3c4de6f2ef1b5fdd4ec0"},
    {url = "https://files.pythonhosted.org/packages/57/4f/dd381ecf6c6ab9bcdaa8ea912e866dedc6e696756156d8ecc087e20817e2/matplotlib-3.1.1-cp36-cp36m-manylinux1_x86_64.whl", hash = "sha256:bab9d848dbf1517bc58d1f486772e99919b19efef5dd8596d4b26f9f5ee08b6b"},
    {url = "https://files.pythonhosted.org/packages/71/13/0720e50bd8988299137fd7e936e4d494b45a473c5fe70d72cd6c1bd79163/matplotlib-3.1.1-cp37-cp37m-win32.whl", hash = "sha256:e5b8aeca9276a3a988caebe9f08366ed519fff98f77c6df5b64d7603d0e42e36"},
    {url = "https://files.pythonhosted.org/packages/c3/8b/af9e0984f5c0df06d3fab0bf396eb09cbf05f8452de4e9502b182f59c33b/matplotlib-3.1.1-cp37-cp37m-macosx_10_6_intel.macosx_10_9_intel.macosx_10_9_x86_64.macosx_10_10_intel.macosx_10_10_x86_64.whl", hash = "sha256:ec6bd0a6a58df3628ff269978f4a4b924a0d371ad8ce1f8e2b635b99e482877a"},
    {url = "https://files.pythonhosted.org/packages/cc/eb/fd7a5f3c1484e8d2590ff94ca0b89941940a916394f719ab3bb7279e1970/matplotlib-3.1.1-cp36-cp36m-win_amd64.whl", hash = "sha256:c1fe1e6cdaa53f11f088b7470c2056c0df7d80ee4858dadf6cbe433fcba4323b"},
    {url = "https://files.pythonhosted.org/packages/cf/a4/d5387a74204542a60ad1baa84cd2d3353c330e59be8cf2d47c0b11d3cde8/matplotlib-3.1.1-cp36-cp36m-macosx_10_6_intel.macosx_10_9_intel.macosx_10_9_x86_64.macosx_10_10_intel.macosx_10_10_x86_64.whl", hash = "sha256:796edbd1182cbffa7e1e7a97f1e141f875a8501ba8dd834269ae3cd45a8c976f"},
]
"numpy 1.17.2" = [
    {url = "https://files.pythonhosted.org/packages/05/cb/9ef2b8901e5969851b539c0f45ab8f2794bac34490e2d351d72b660d6e05/numpy-1.17.2-cp36-cp36m-macosx_10_6_intel.whl", hash = "sha256:ee8e9d7cad5fe6dde50ede0d2e978d81eafeaa6233fb0b8719f60214cf226578"},
    {url = "https://files.pythonhosted.org/packages/08/0d/355749e480c6e91348dfffc4797e5f35446ffa370642b0f9d07b4fe144b3/numpy-1.17.2-cp36-cp36m-win32.whl", hash = "sha256:0d82cb7271a577529d07bbb05cb58675f2deb09772175fab96dc8de025d8ac05"},
    {url = "https://files.pythonhosted.org/packages/2c/3a/2ffb91f7e310a0aa5cea890379291becfc65a915e32ed8d5088bf7544eda/numpy-1.17.2-cp36-cp36m-win_amd64.whl", hash = "sha256:12322df2e21f033a60c80319c25011194cd2a21294cc66fee0908aeae2c27832"},
    {url = "https://files.pythonhosted.org/packages/4b/ed/92fb11d03678033f257f0d46e9b96fafb81694eb0d249fb830c43ec47b58/numpy-1.17.2-cp36-cp36m-manylinux1_i686.whl", hash = "sha256:438a3f0e7b681642898fd7993d38e2bf140a2d1eafaf3e89bb626db7f50db355"},
    {url = "https://files.pythonhosted.org/packages/4c/f3/9188ea0aac4d0e8592fd5be82ec8e835c44e638240631f3865fb28a8fdac/numpy-1.17.2-cp37-cp37m-manylinux1_i686.whl", hash = "sha256:a4092682778dc48093e8bda8d26ee8360153e2047826f95a3f5eae09f0ae3abf"},
    {url = "https://files.pythonhosted.org/packages/78/d4/477f93a5325a9664086e158cd6292f88f4a3a2d9141814237dc04b378903/numpy-1.17.2-cp35-cp35m-win_amd64.whl", hash = "sha256:f4a4f6aba148858a5a5d546a99280f71f5ee6ec8182a7d195af1a914195b21a2"},
    {url = "https://files.pythonhosted.org/packages/9b/21/2b18339d24a2f73dcefb2f10f48aff6182e16da83e3a612684443c6cfb29/numpy-1.17.2-cp35-cp35m-manylinux1_x86_64.whl", hash = "sha256:7d077f2976b8f3de08a0dcf5d72083f4af5411e8fddacd662aae27baa2601196"},
    {url = "https://files.pythonhosted.org/packages/a6/08/205400f1e3a1a80f70bddf480ef9dde778bb1add29997d2a3496c5d2948f/numpy-1.17.2-cp35-cp35m-win32.whl", hash = "sha256:05dbfe72684cc14b92568de1bc1f41e5f62b00f714afc9adee42f6311738091f"},
    {url = "https://files.pythonhosted.org/packages/a8/ce/36f9b4fbc7e675a7c8a3809dd5902e24cecfcdbc006e8a7b2417c2b830a2/numpy-1.17.2-cp37-cp37m-win32.whl", hash = "sha256:16f19b3aa775dddc9814e02a46b8e6ae6a54ed8cf143962b4e53f0471dbd7b16"},
    {url = "https://files.pythonhosted.org/packages/ac/36/325b27ef698684c38b1fe2e546e2e7ef9cecd7037bcdb35c87efec4356af/numpy-1.17.2.zip", hash = "sha256:73615d3edc84dd7c4aeb212fa3748fb83217e00d201875a47327f55363cef2df"},
    {url = "https://files.pythonhosted.org/packages/b4/e8/5ececadd9cc220bb783b4ce6ffaa9266925d37ed41237bc23bc530ab4f3d/numpy-1.17.2-cp37-cp37m-macosx_10_6_intel.whl", hash = "sha256:e70fc8ff03a961f13363c2c95ef8285e0cf6a720f8271836f852cc0fa64e97c8"},
    {url = "https://files.pythonhosted.org/packages/ba/e0/46e2f0540370f2661b044647fa447fef2ecbcc8f7cdb4329ca2feb03fb23/numpy-1.17.2-cp37-cp37m-manylinux1_x86_64.whl", hash = "sha256:10132aa1fef99adc85a905d82e8497a580f83739837d7cbd234649f2e9b9dc58"},
    {url = "https://files.pythonhosted.org/packages/bd/51/7df1a3858ff0465f760b482514f1292836f8be08d84aba411b48dda72fa9/numpy-1.17.2-cp37-cp37m-win_amd64.whl", hash = "sha256:5fd214f482ab53f2cea57414c5fb3e58895b17df6e6f5bca5be6a0bb6aea23bb"},
    {url = "https://files.pythonhosted.org/packages/d8/0f/90a571f416ba2965b74ae11f94216786c03284adf0caf33ceaa2e9597498/numpy-1.17.2-cp35-cp35m-manylinux1_i686.whl", hash = "sha256:7bd355ad7496f4ce1d235e9814ec81ee3d28308d591c067ce92e49f745ba2c2f"},
    {url = "https://files.pythonhosted.org/packages/e5/ac/bab733d7adf9d86d32f364cad971e424ad3c2986165e9402d107de5fa04e/numpy-1.17.2-cp35-cp35m-macosx_10_6_intel.whl", hash = "sha256:3d0b0989dd2d066db006158de7220802899a1e5c8cf622abe2d0bd158fd01c2c"},
    {url = "https://files.pythonhosted.org/packages/e5/e6/c3fdc53aed9fa19d6ff3abf97dfad768ae3afce1b7431f7500000816bda5/numpy-1.17.2-cp36-cp36m-manylinux1_x86_64.whl", hash = "sha256:b458de8624c9f6034af492372eb2fee41a8e605f03f4732f43fc099e227858b2"},
]
"pandas 0.25.1" = [
    {url = "https://files.pythonhosted.org/packages/07/cf/1b6917426a9a16fd79d56385d0d907f344188558337d6b81196792f857e9/pandas-0.25.1.tar.gz", hash = "sha256:cb2e197b7b0687becb026b84d3c242482f20cbb29a9981e43604eb67576da9f6"},
    {url = "https://files.pythonhosted.org/packages/15/e2/f4299d1a89d10b84cb64e37f89e9e26bc42341e4968d693d46016eb82ef3/pandas-0.25.1-cp36-cp36m-win32.whl", hash = "sha256:4182e32f4456d2c64619e97c58571fa5ca0993d1e8c2d9ca44916185e1726e15"},
    {url = "https://files.pythonhosted.org/packages/39/73/99aa822ee88cef5829607217c11bf24ecc1171ae5d49d5f780085f5da518/pandas-0.25.1-cp37-cp37m-macosx_10_9_x86_64.macosx_10_10_x86_64.whl", hash = "sha256:426e590e2eb0e60f765271d668a30cf38b582eaae5ec9b31229c8c3c10c5bc21"},
    {url = "https://files.pythonhosted.org/packages/73/75/42a0ec87e4f709d8d37d49f049b292578f14a4f1f6dc32a7f3c3c204e546/pandas-0.25.1-cp36-cp36m-macosx_10_9_x86_64.macosx_10_10_x86_64.whl", hash = "sha256:d4001b71ad2c9b84ff18b182cea22b7b6cbf624216da3ea06fb7af28d1f93165"},
    {url = "https://files.pythonhosted.org/packages/73/9b/52e228545d14f14bb2a1622e225f38463c8726645165e1cb7dde95bfe6d4/pandas-0.25.1-cp36-cp36m-manylinux1_x86_64.whl", hash = "sha256:eebfbba048f4fa8ac711b22c78516e16ff8117d05a580e7eeef6b0c2be554c18"},
    {url = "https://files.pythonhosted.org/packages/78/7b/2e3657ede5369f0e88a1833c209cec095e3a8ba2665676a35d78aaee5ba2/pandas-0.25.1-cp35-cp35m-win_amd64.whl", hash = "sha256:dfbb0173ee2399bc4ed3caf2d236e5c0092f948aafd0a15fbe4a0e77ee61a958"},
    {url = "https://files.pythonhosted.org/packages/7e/ab/ea76361f9d3e732e114adcd801d2820d5319c23d0ac5482fa3b412db217e/pandas-0.25.1-cp37-cp37m-manylinux1_x86_64.whl", hash = "sha256:d8930772adccb2882989ab1493fa74bd87d47c8ac7417f5dd3dd834ba8c24dc9"},
    {url = "https://files.pythonhosted.org/packages/95/2e/ef41b22ec852c3b3846b31327d2fd626eedaa235ac2dd535190d3a72a0cd/pandas-0.25.1-cp35-cp35m-macosx_10_6_intel.macosx_10_9_intel.macosx_10_9_x86_64.macosx_10_10_intel.macosx_10_10_x86_64.whl", hash = "sha256:3f26e5da310a0c0b83ea50da1fd397de2640b02b424aa69be7e0784228f656c9"},
    {url = "https://files.pythonhosted.org/packages/98/ff/c7cf5e88e4bc7737347baea05e2329303d7dbfad74350e59cd1f8a5f8d84/pandas-0.25.1-cp35-cp35m-win32.whl", hash = "sha256:18d91a9199d1dfaa01ad645f7540370ba630bdcef09daaf9edf45b4b1bca0232"},
    {url = "https://files.pythonhosted.org/packages/af/b2/51c178d516b85be51f3a3bd30c654453a3884a34d6329343555418b5d7cb/pandas-0.25.1-cp36-cp36m-win_amd64.whl", hash = "sha256:f1b21bc5cf3dbea53d33615d1ead892dfdae9d7052fa8898083bec88be20dcd2"},
    {url = "https://files.pythonhosted.org/packages/b1/69/fcc29820befae2b96fd0b01225577af653e87cd0914634bb2d372a457bd7/pandas-0.25.1-cp37-cp37m-win_amd64.whl", hash = "sha256:8145f97c5ed71827a6ec98ceaef35afed1377e2d19c4078f324d209ff253ecb5"},
    {url = "https://files.pythonhosted.org/packages/d9/05/38875a81040e679c196a854865dbafe4dfe5f92e8365ddfff21f2817d89d/pandas-0.25.1-cp35-cp35m-manylinux1_x86_64.whl", hash = "sha256:8744c84c914dcc59cbbb2943b32b7664df1039d99e834e1034a3372acb89ea4d"},
    {url = "https://files.pythonhosted.org/packages/f5/6e/d358d97402bded2e9ebe1b84ee9bb05518079f0374020a90e32fc0c51130/pandas-0.25.1-cp35-cp35m-manylinux1_i686.whl", hash = "sha256:c1ac1d9590d0c9314ebf01591bd40d4c03d710bfc84a3889e5263c97d7891dee"},
    {url = "https://files.pythonhosted.org/packages/f8/cc/724e572551780c80dd99d4f455248512ea2714582b3e353188a26e5cdfe2/pandas-0.25.1-cp37-cp37m-win32.whl", hash = "sha256:717928808043d3ea55b9bcde636d4a52d2236c246f6df464163a66ff59980ad8"},
    {url = "https://files.pythonhosted.org/packages/fe/19/b694e36fa8096cb5123b9b1a56171c598ece6fb9aa125444be97d3a4d9cf/pandas-0.25.1-cp36-cp36m-manylinux1_i686.whl", hash = "sha256:5eb934a8f0dc358f0e0cdf314072286bbac74e4c124b64371395e94644d5d919"},
]
"pillow 6.2.0" = [
    {url = "https://files.pythonhosted.org/packages/0c/5f/6df0f64dd563e6f62991226d6ff2dc16af71d3b374ae1646e810e6356917/Pillow-6.2.0-cp36-cp36m-manylinux1_i686.whl", hash = "sha256:c14c1224fd1a5be2733530d648a316974dbbb3c946913562c6005a76f21ca042"},
    {url = "https://files.pythonhosted.org/packages/11/21/b8f96afde78ff1d36fc8f71b08fdf2763d407ee9bb3dd026a17023760ca7/Pillow-6.2.0-cp27-cp27mu-manylinux1_x86_64.whl", hash = "sha256:099a61618b145ecb50c6f279666bbc398e189b8bc97544ae32b8fcb49ad6b830"},
    {url = "https://files.pythonhosted.org/packages/14/db/f4c72818297d4d92083c1b3d3404efdb6b2734bea11c0950cfc48b832021/Pillow-6.2.0-cp37-cp37m-win_amd64.whl", hash = "sha256:f1baa54d50ec031d1a9beb89974108f8f2c0706f49798f4777df879df0e1adb6"},
    {url = "https://files.pythonhosted.org/packages/18/01/741ed98165068629738a004b128032f8a11358b5664ca579306d2b60ca7a/Pillow-6.2.0-cp27-cp27mu-manylinux1_i686.whl", hash = "sha256:8a9becd5cbd5062f973bcd2e7bc79483af310222de112b6541f8af1f93a3cc42"},
    {url = "https://files.pythonhosted.org/packages/19/66/6113477dc3206ccb1e192cffd626f2840ead02375a6cebe2436ad4c19f61/Pillow-6.2.0-cp36-cp36m-manylinux1_x86_64.whl", hash = "sha256:ceb76935ac4ebdf6d7bc845482a4450b284c6ccfb281e34da51d510658ab34d8"},
    {url = "https://files.pythonhosted.org/packages/34/b7/fb24ad352b747340ec1975c84c30cca37bb93a0079e037d1f0930afd65ad/Pillow-6.2.0-cp37-cp37m-manylinux1_x86_64.whl", hash = "sha256:9ba37698e242223f8053cc158f130aee046a96feacbeab65893dbe94f5530118"},
    {url = "https://files.pythonhosted.org/packages/3d/e7/41557a188702b9db322cd5a44c846a9cc826ff58b805d23955f6cdcd3cbd/Pillow-6.2.0-pp371-pp371-win32.whl", hash = "sha256:5090857876c58885cfa388dc649e5db30aae98a068c26f3fd0ac9d7d9a4d9572"},
    {url = "https://files.pythonhosted.org/packages/40/50/406ea88c6d3c4fdffd45f2cf7528628586e1651e5c6f95f0193870832175/Pillow-6.2.0-cp35-cp35m-win_amd64.whl", hash = "sha256:97b119c436bfa96a92ac2ca525f7025836d4d4e64b1c9f9eff8dbaf3ff1d86f3"},
    {url = "https://files.pythonhosted.org/packages/4b/b1/151722126eb2eab0b5f6c443c8b65a49ca79a01b89f222a734286377567e/Pillow-6.2.0-cp35-cp35m-win32.whl", hash = "sha256:b1b0e1f626a0f079c0d3696db70132fb1f29aa87c66aecb6501a9b8be64ce9f7"},
    {url = "https://files.pythonhosted.org/packages/59/cf/d48fe82c888f28637a793f102aa3ef531cfe15a9d4d0eeec4f6ce0024748/Pillow-6.2.0-cp35-cp35m-macosx_10_6_intel.macosx_10_9_intel.macosx_10_9_x86_64.macosx_10_10_intel.macosx_10_10_x86_64.whl", hash = "sha256:5bbba34f97a26a93f5e8dec469ca4ddd712451418add43da946dbaed7f7a98d2"},
    {url = "https://files.pythonhosted.org/packages/6e/42/cbcafb97c5e288a0340bfdffb883faa14cf1e2edd81727f0bac6d0150d4a/Pillow-6.2.0-cp37-cp37m-win32.whl", hash = "sha256:65a28969a025a0eb4594637b6103201dc4ed2a9508bdab56ac33e43e3081c404"},
    {url = "https://files.pythonhosted.org/packages/7a/bd/6e18d5b021e708751163d85479c5767e7369422cd5c6fedcd43be32b27d7/Pillow-6.2.0-cp35-cp35m-manylinux1_i686.whl", hash = "sha256:43fd026f613c8e48a25eba1a92f4d2ad7f3903c95d8c33a11611a7717d2ab654"},
    {url = "https://files.pythonhosted.org/packages/7b/3f/21f0bdfd5f9732411b04c8699a78289c7c44b5354586183622929dfe2b62/Pillow-6.2.0-cp27-cp27m-win_amd64.whl", hash = "sha256:2c1c61546e73de62747e65807d2cc4980c395d4c5600ecb1f47a650c6fa78c79"},
    {url = "https://files.pythonhosted.org/packages/87/dc/7597336c48796d4a836007460148b7baf7f278ad42b73d49047eb0e8194c/Pillow-6.2.0.tar.gz", hash = "sha256:4548236844327a718ce3bb182ab32a16fa2050c61e334e959f554cac052fb0df"},
    {url = "https://files.pythonhosted.org/packages/8c/a3/f4b075c1c58d561486fae1ed9448dd2e39f38bae611b19ec0fbd2c5f80a3/Pillow-6.2.0-pp370-pp370-win32.whl", hash = "sha256:08abf39948d4b5017a137be58f1a52b7101700431f0777bec3d897c3949f74e6"},
    {url = "https://files.pythonhosted.org/packages/a4/92/801710e21ede5f583c6bde61b25baa46ed16d9d77d74935e11b9a801cdd7/Pillow-6.2.0-cp37-cp37m-macosx_10_6_intel.macosx_10_9_intel.macosx_10_9_x86_64.macosx_10_10_intel.macosx_10_10_x86_64.whl", hash = "sha256:2ed9c4f694861642401f27dc3cb99772be67cd190e84845c749dae0a06c3bfae"},
    {url = "https://files.pythonhosted.org/packages/a8/34/086feba718f629fc51f27f993fa72e210c1c25077cba2f9e9a2dcfa23a7f/Pillow-6.2.0-cp35-cp35m-manylinux1_x86_64.whl", hash = "sha256:c79a8546c48ae6465189e54e3245a97ddf21161e33ff7eaa42787353417bb2b6"},
    {url = "https://files.pythonhosted.org/packages/b7/37/294a6ef8506cfebf8925c22d507fab7ea10e8279c915653571472ee903e1/Pillow-6.2.0-cp36-cp36m-win_amd64.whl", hash = "sha256:338581b30b908e111be578f0297255f6b57a51358cd16fa0e6f664c9a1f88bff"},
    {url = "https://files.pythonhosted.org/packages/b7/d2/8b3acdec6b83e56f7a37389f9df58da1994cafcb35b452652771d9472bd5/Pillow-6.2.0-cp36-cp36m-macosx_10_6_intel.macosx_10_9_intel.macosx_10_9_x86_64.macosx_10_10_intel.macosx_10_10_x86_64.whl", hash = "sha256:ec883b8e44d877bda6f94a36313a1c6063f8b1997aa091628ae2f34c7f97c8d5"},
    {url = "https://files.pythonhosted.org/packages/c4/f9/21cd1d1d2a14ce781651b6b4b6534c7632b6606cdf6518f3887b5284d32a/Pillow-6.2.0-cp27-cp27m-win32.whl", hash = "sha256:01f948e8220c85eae1aa1a7f8edddcec193918f933fb07aaebe0bfbbcffefbf1"},
    {url = "https://files.pythonhosted.org/packages/d7/47/5665ccf46b5d52c6ac8d40922d9a4d122ad42a1fa425129045575cab81e6/Pillow-6.2.0-cp27-cp27m-macosx_10_6_intel.macosx_10_9_intel.macosx_10_9_x86_64.macosx_10_10_intel.macosx_10_10_x86_64.whl", hash = "sha256:38c7d48a21cd06fdeee93987147b9b1c55b73b4cfcbf83240568bfbd5adee447"},
    {url = "https://files.pythonhosted.org/packages/ec/33/493aea1bdf852dd1e9f1162a6ff7c6b1efd2d5134c622283ebfcf03dc295/Pillow-6.2.0-cp27-cp27m-manylinux1_x86_64.whl", hash = "sha256:00fdeb23820f30e43bba78eb9abb00b7a937a655de7760b2e09101d63708b64e"},
    {url = "https://files.pythonhosted.org/packages/ec/70/0c7f4d09d2e3f4bf62ae7057e0939dcbc1a9cb930bbea49085d45c001fec/Pillow-6.2.0-pp271-pypy_41-win32.whl", hash = "sha256:f53a5385932cda1e2c862d89460992911a89768c65d176ff8c50cddca4d29bed"},
    {url = "https://files.pythonhosted.org/packages/f7/a9/4170628d01f01add5b88844330b80434b1a4dcbbf18e2d1f115da98ebd99/Pillow-6.2.0-cp36-cp36m-win32.whl", hash = "sha256:e22bffaad04b4d16e1c091baed7f2733fc1ebb91e0c602abf1b6834d17158b1f"},
    {url = "https://files.pythonhosted.org/packages/fb/b3/bd398505f71eb71f97455e5b6e2634a27741f4b12ad769f8dba3ed5487e9/Pillow-6.2.0-cp27-cp27m-manylinux1_i686.whl", hash = "sha256:892bb52b70bd5ea9dbbc3ac44f38e84f5a04e9d8b1bff48159d96cb795b81159"},
    {url = "https://files.pythonhosted.org/packages/fc/4d/de586d3a3ddc216fd99b62260f693f14ec7a877239b961d660fb1eb42e67/Pillow-6.2.0-cp37-cp37m-manylinux1_i686.whl", hash = "sha256:972a7aaeb7c4a2795b52eef52ee991ef040b31009f36deca6207a986607b55f3"},
]
"protobuf 3.9.2" = [
    {url = "https://files.pythonhosted.org/packages/17/3a/48f4c6ed4d179f2ec7fb306b0c795ec33cf9e6cb258b8c5922d0ab4b459b/protobuf-3.9.2-cp35-cp35m-macosx_10_9_intel.whl", hash = "sha256:3200046e4d4f6c42ed66257dbe15e2e5dc76072c280e9b3d69dc8f3a4fa3fbbc"},
    {url = "https://files.pythonhosted.org/packages/31/0c/823fa081615ec2500608d90ceaec68a88a218186f243bcb958af2fc0825d/protobuf-3.9.2-cp36-cp36m-win_amd64.whl", hash = "sha256:3a7a8925ba6481b9241cdb5d69cd0b0700f23efed6bb691dc9543faa4aa25d6f"},
    {url = "https://files.pythonhosted.org/packages/4f/32/ba67677963d9cf557155d5a8f14ae0ffaf278a69a25fb03b5bc9e9e6fd52/protobuf-3.9.2-cp37-cp37m-manylinux1_x86_64.whl", hash = "sha256:aa45443035651cbfae74c8deb53358ba660d8e7a5fbab3fc4beb33fb3e3ca4be"},
    {url = "https://files.pythonhosted.org/packages/7d/d0/473a91ac2c59639b9fe2f3248d98b4d6084d4be8254a7b83f010feac8de9/protobuf-3.9.2.tar.gz", hash = "sha256:843f498e98ad1469ad54ecb4a7ccf48605a1c5d2bd26ae799c7a2cddab4a37ec"},
    {url = "https://files.pythonhosted.org/packages/7e/d6/12788a4b152c7322a2401a49fafa922c55a96e73d75e9c0874c424ff8414/protobuf-3.9.2-cp35-cp35m-win_amd64.whl", hash = "sha256:e6f68b9979dc8f75299293d682f67fecb72d78f98652da2eeb85c85edef1ca94"},
    {url = "https://files.pythonhosted.org/packages/92/4e/a90c0000a8dee84c3717ccf86eaafd892f342b0aa242d3cb34d62b1b19dd/protobuf-3.9.2-cp37-cp37m-win_amd64.whl", hash = "sha256:aaab817d9d038dd5f56a6fb2b2e8ae68caf1fd28cc6a963c755fa73268495c13"},
    {url = "https://files.pythonhosted.org/packages/94/42/d344c5690aa3e8ef6b3b3b8e3d55f0eb0fef7d2f59b76d6fb013f1a796f7/protobuf-3.9.2-py2.py3-none-any.whl", hash = "sha256:368f1bae6dd22d04fd2254d30cd301863408a96ff604422e3ddd8ab601f095a4"},
    {url = "https://files.pythonhosted.org/packages/98/de/2ac9a18d675f5537f24e70de890352ad5f34324553cedc55073414d61f6d/protobuf-3.9.2-cp27-cp27mu-manylinux1_x86_64.whl", hash = "sha256:f655338491481f482042f19016647e50365ab41b75b486e0df56e0dcc425abf4"},
    {url = "https://files.pythonhosted.org/packages/9c/3e/05df91cc2d08eec88b1869962beb6b144755e7d4a7a6668e1b9f0f450037/protobuf-3.9.2-cp35-cp35m-manylinux1_x86_64.whl", hash = "sha256:4bc33d49f43c6e9916fb56b7377cb4478cbf25824b4d2bedfb8a4e3df31c12ca"},
    {url = "https://files.pythonhosted.org/packages/9f/c7/66eb5db543ab70768c03e29308d18fe260b10ecb2c122d45d18dd523c97d/protobuf-3.9.2-cp37-cp37m-macosx_10_9_intel.whl", hash = "sha256:3902fa1920b4ef9f710797496b309efc5ccd0faeba44dc82ed6a711a244764a0"},
    {url = "https://files.pythonhosted.org/packages/ad/92/c9c6403dd0339ae7050bc0c38510edabaff8754dbd0d9614d3000fe39c73/protobuf-3.9.2-cp35-cp35m-win32.whl", hash = "sha256:5c393cd665d03ce6b29561edd6b0cc4bcb3fb8e2a7843e8f223d693f07f61b40"},
    {url = "https://files.pythonhosted.org/packages/b4/61/a66eb7a4a904255ec2bc1c98de1ba559694c888da71e0a169c4fce692fb1/protobuf-3.9.2-cp27-cp27m-macosx_10_9_intel.whl", hash = "sha256:e7366cabddff3441d583fdc0176ab42eba4ee7090ef857d50c4dd59ad124003a"},
    {url = "https://files.pythonhosted.org/packages/b9/f1/63fd3260c882e5d7cdc123196b86b7ce739409db49ff371655bfe55c5eb8/protobuf-3.9.2-cp36-cp36m-win32.whl", hash = "sha256:80072e9ba36c73cf89c01f669c7b123733fc2de1780b428082a850f53cc7865f"},
    {url = "https://files.pythonhosted.org/packages/dc/e8/4f4adc2a6c6ba13a60adca3a8ebf16c3f690fc7b8bbe59faa022cc1e15b2/protobuf-3.9.2-cp37-cp37m-win32.whl", hash = "sha256:f0144ad97cd28bfdda0567b9278d25061ada5ad2b545b538cd3577697b32bda3"},
    {url = "https://files.pythonhosted.org/packages/f1/c0/4efc7020f846bf46c81d895b382adf39577485f2581a82f452ca6172157c/protobuf-3.9.2-cp36-cp36m-macosx_10_9_intel.whl", hash = "sha256:568b434a36e31ed30d60d600b2227666ce150b8b5275948f50411481a4575d6d"},
    {url = "https://files.pythonhosted.org/packages/f6/d5/e18969c31e24300551373d96286383d861332cafbf2bfea6d6453fcf2923/protobuf-3.9.2-cp36-cp36m-manylinux1_x86_64.whl", hash = "sha256:26c0d756c7ad6823fccbc3b5f84c619b9cc7ac281496fe0a9d78e32023c45034"},
]
"pyparsing 2.4.2" = [
    {url = "https://files.pythonhosted.org/packages/11/fa/0160cd525c62d7abd076a070ff02b2b94de589f1a9789774f17d7c54058e/pyparsing-2.4.2-py2.py3-none-any.whl", hash = "sha256:d9338df12903bbf5d65a0e4e87c2161968b10d2e489652bb47001d82a9b028b4"},
    {url = "https://files.pythonhosted.org/packages/7e/24/eaa8d7003aee23eda270099eeec754d7bf4399f75c6a011ef948304f66a2/pyparsing-2.4.2.tar.gz", hash = "sha256:6f98a7b9397e206d78cc01df10131398f1c8b8510a2f4d97d9abd82e1aacdd80"},
]
"python-dateutil 2.8.0" = [
    {url = "https://files.pythonhosted.org/packages/41/17/c62faccbfbd163c7f57f3844689e3a78bae1f403648a6afb1d0866d87fbb/python_dateutil-2.8.0-py2.py3-none-any.whl", hash = "sha256:7e6584c74aeed623791615e26efd690f29817a27c73085b78e4bad02493df2fb"},
    {url = "https://files.pythonhosted.org/packages/ad/99/5b2e99737edeb28c71bcbec5b5dda19d0d9ef3ca3e92e3e925e7c0bb364c/python-dateutil-2.8.0.tar.gz", hash = "sha256:c89805f6f4d64db21ed966fda138f8a5ed7a4fdbc1a8ee329ce1b74e3c74da9e"},
]
"pytz 2019.2" = [
    {url = "https://files.pythonhosted.org/packages/27/c0/fbd352ca76050952a03db776d241959d5a2ee1abddfeb9e2a53fdb489be4/pytz-2019.2.tar.gz", hash = "sha256:26c0b32e437e54a18161324a2fca3c4b9846b74a8dccddd843113109e1116b32"},
    {url = "https://files.pythonhosted.org/packages/87/76/46d697698a143e05f77bec5a526bf4e56a0be61d63425b68f4ba553b51f2/pytz-2019.2-py2.py3-none-any.whl", hash = "sha256:c894d57500a4cd2d5c71114aaab77dbab5eabd9022308ce5ac9bb93a60a6f0c7"},
]
"scipy 1.3.1" = [
    {url = "https://files.pythonhosted.org/packages/06/a5/d4c06f89886220668a66d9b0484d799d00bee102ccbf6d66686cde3de6a6/scipy-1.3.1-cp35-cp35m-win_amd64.whl", hash = "sha256:243b04730d7223d2b844bda9500310eecc9eda0cba9ceaf0cde1839f8287dfa8"},
    {url = "https://files.pythonhosted.org/packages/07/f1/f308efc4d2dfd143f0a1a17f801592cf307151c04de63e758811581348dd/scipy-1.3.1-cp36-cp36m-win32.whl", hash = "sha256:396eb4cdad421f846a1498299474f0a3752921229388f91f60dc3eda55a00488"},
    {url = "https://files.pythonhosted.org/packages/29/50/a552a5aff252ae915f522e44642bb49a7b7b31677f9580cfd11bcc869976/scipy-1.3.1-cp36-cp36m-manylinux1_x86_64.whl", hash = "sha256:75b513c462e58eeca82b22fc00f0d1875a37b12913eee9d979233349fce5c8b2"},
    {url = "https://files.pythonhosted.org/packages/50/eb/defa40367863304e1ef01c6572584c411446a5f29bdd9dc90f91509e9144/scipy-1.3.1-cp37-cp37m-win_amd64.whl", hash = "sha256:a9d606d11eb2eec7ef893eb825017fbb6eef1e1d0b98a5b7fc11446ebeb2b9b1"},
    {url = "https://files.pythonhosted.org/packages/7a/0e/3781e028d62a8422244582abd8f084e6314297026760587c85607f687bf3/scipy-1.3.1-cp35-cp35m-manylinux1_x86_64.whl", hash = "sha256:cbc0611699e420774e945f6a4e2830f7ca2b3ee3483fca1aa659100049487dd5"},
    {url = "https://files.pythonhosted.org/packages/94/7f/b535ec711cbcc3246abea4385d17e1b325d4c3404dd86f15fc4f3dba1dbb/scipy-1.3.1-cp37-cp37m-manylinux1_x86_64.whl", hash = "sha256:89dd6a6d329e3f693d1204d5562dd63af0fd7a17854ced17f9cbc37d5b853c8d"},
    {url = "https://files.pythonhosted.org/packages/9f/d0/6de23b6453232614998244157f998a5c5c259b55e5a38d71fe5fc5a0dfeb/scipy-1.3.1-cp36-cp36m-macosx_10_6_intel.macosx_10_9_intel.macosx_10_9_x86_64.macosx_10_10_intel.macosx_10_10_x86_64.whl", hash = "sha256:46a5e55850cfe02332998b3aef481d33f1efee1960fe6cfee0202c7dd6fc21ab"},
    {url = "https://files.pythonhosted.org/packages/ab/ce/f97bbe81a3a80a8c7fba086386329fcae10546e59d9207ed0ad70705a48b/scipy-1.3.1-cp35-cp35m-win32.whl", hash = "sha256:435d19f80b4dcf67dc090cc04fde2c5c8a70b3372e64f6a9c58c5b806abfa5a8"},
    {url = "https://files.pythonhosted.org/packages/b3/fa/feae8b28712ba5ff11f17a2b4c414043b1772fdb8e18485389aa692a58f3/scipy-1.3.1-cp36-cp36m-manylinux1_i686.whl", hash = "sha256:dd3b52e00f93fd1c86f2d78243dfb0d02743c94dd1d34ffea10055438e63b99d"},
    {url = "https://files.pythonhosted.org/packages/c5/40/f73bc951b060ba143f2092a3a2dd755f5ef2b52376fc3f4d297942aef04b/scipy-1.3.1-cp35-cp35m-macosx_10_6_intel.macosx_10_9_intel.macosx_10_9_x86_64.macosx_10_10_intel.macosx_10_10_x86_64.whl", hash = "sha256:3ae3692616975d3c10aca6d574d6b4ff95568768d4525f76222fb60f142075b9"},
    {url = "https://files.pythonhosted.org/packages/d5/06/1a696649f4b2e706c509cb9333fdc6331fbe71251cede945f9e1fa13ea34/scipy-1.3.1-cp37-cp37m-macosx_10_6_intel.macosx_10_9_intel.macosx_10_9_x86_64.macosx_10_10_intel.macosx_10_10_x86_64.whl", hash = "sha256:0baa64bf42592032f6f6445a07144e355ca876b177f47ad8d0612901c9375bef"},
    {url = "https://files.pythonhosted.org/packages/e1/06/0976de1ae5ef686107a669596f14d3fa86ddf1bf972ee52650bbd68dc6ca/scipy-1.3.1-cp35-cp35m-manylinux1_i686.whl", hash = "sha256:7ccfa44a08226825126c4ef0027aa46a38c928a10f0a8a8483c80dd9f9a0ad44"},
    {url = "https://files.pythonhosted.org/packages/e1/63/d919e16c5bd3502a0f7675f217625bd6f49a412cc1a856aa6b4b5b5b20bc/scipy-1.3.1-cp36-cp36m-win_amd64.whl", hash = "sha256:a81da2fe32f4eab8b60d56ad43e44d93d392da228a77e229e59b51508a00299c"},
    {url = "https://files.pythonhosted.org/packages/e1/9e/454b2dab5ee21f66ebf02ddbc63c5f074b21c44e66e1a509b38566cac9d9/scipy-1.3.1-cp37-cp37m-win32.whl", hash = "sha256:ac37eb652248e2d7cbbfd89619dce5ecfd27d657e714ed049d82f19b162e8d45"},
    {url = "https://files.pythonhosted.org/packages/ee/5b/5afcd1c46f97b3c2ac3489dbc95d6ca28eacf8e3634e51f495da68d97f0f/scipy-1.3.1.tar.gz", hash = "sha256:2643cfb46d97b7797d1dbdb6f3c23fe3402904e3c90e6facfe6a9b98d808c1b5"},
    {url = "https://files.pythonhosted.org/packages/f5/31/e6ec5b2197b6623a363d423ca04ab7ef27a2940fb448834f4ba8689540b5/scipy-1.3.1-cp37-cp37m-manylinux1_i686.whl", hash = "sha256:d02d813ec9958ed63b390ded463163685af6025cb2e9a226ec2c477df90c6957"},
]
"seaborn 0.9.0" = [
    {url = "https://files.pythonhosted.org/packages/7a/bf/04cfcfc9616cedd4b5dd24dfc40395965ea9f50c1db0d3f3e52b050f74a5/seaborn-0.9.0.tar.gz", hash = "sha256:76c83f794ca320fb6b23a7c6192d5e185a5fcf4758966a0c0a54baee46d41e2f"},
    {url = "https://files.pythonhosted.org/packages/a8/76/220ba4420459d9c4c9c9587c6ce607bf56c25b3d3d2de62056efe482dadc/seaborn-0.9.0-py3-none-any.whl", hash = "sha256:42e627b24e849c2d3bbfd059e00005f6afbc4a76e4895baf44ae23fe8a4b09a5"},
]
"setuptools 67.2.0" = [
    {url = "https://files.pythonhosted.org/packages/34/6a/d89fe6b83a7fa4c39686d8a5cda83b48da0b117a13484f0e294c2cc2c337/setuptools-67.2.0-py3-none-any.whl", hash = "sha256:16ccf598aab3b506593c17378473978908a2734d7336755a8769b480906bec1c"},
    {url = "https://files.pythonhosted.org/packages/5f/36/7374297692bb9dbd7569a0f84887c7e5e314c41d5d9518cb76fbb130620d/setuptools-67.2.0.tar.gz", hash = "sha256:b440ee5f7e607bb8c9de15259dba2583dd41a38879a7abc1d43a71c59524da48"},
]
"six 1.12.0" = [
    {url = "https://files.pythonhosted.org/packages/73/fb/00a976f728d0d1fecfe898238ce23f502a721c0ac0ecfedb80e0d88c64e9/six-1.12.0-py2.py3-none-any.whl", hash = "sha256:3350809f0555b11f552448330d0b52d5f24c91a322ea4a15ef22629740f3761c"},
    {url = "https://files.pythonhosted.org/packages/dd/bf/4138e7bfb757de47d1f4b6994648ec67a51efe58fa907c1e11e350cddfca/six-1.12.0.tar.gz", hash = "sha256:d16a0141ec1a18405cd4ce8b4613101da75da0e9a7aec5bdd4fa804d0e0eba73"},
]
"tensorboardx 1.8" = [
    {url = "https://files.pythonhosted.org/packages/83/85/0383ba7abd7cc79f4abada1e7166329851376f1846512fb258fa72ebcc26/tensorboardX-1.8.tar.gz", hash = "sha256:13fe0abba27f407778a7321937190eedaf12bc8c544d9a4e294fcf0ba177fd76"},
    {url = "https://files.pythonhosted.org/packages/c3/12/dcaf67e1312475b26db9e45e7bb6f32b540671a9ee120b3a72d9e09bc517/tensorboardX-1.8-py2.py3-none-any.whl", hash = "sha256:f52e59b38b4cdf83384f3fce067bcaf2d2847619f9f533394df0de3b5a71ab8e"},
]
"torch 1.2.0" = [
    {url = "https://files.pythonhosted.org/packages/05/65/5248be50c55ab7429dd5c11f5e2f9f5865606b80e854ca63139ad1a584f2/torch-1.2.0-cp37-cp37m-manylinux1_x86_64.whl", hash = "sha256:b87fd224a7de3bc01ce87eb947698797b4514e27115b0aa60a56991515dd9dd6"},
    {url = "https://files.pythonhosted.org/packages/17/97/79c3636f4ed8f7165374c920e11fa6454638b5632eeef997d967fd13b04c/torch-1.2.0-cp36-none-macosx_10_7_x86_64.whl", hash = "sha256:43a0e28c448ddeea65fb9e956bc743389592afac824095bdbc08e8a87364c639"},
    {url = "https://files.pythonhosted.org/packages/21/2e/14b3b24adc4ba2f8af26000a871d721f6cd84e966cfc06418c088d04fbb9/torch-1.2.0-cp35-cp35m-manylinux1_x86_64.whl", hash = "sha256:661ad06b4616663149bd504e8c0271196d0386712e21a92619d95ba88138794a"},
    {url = "https://files.pythonhosted.org/packages/29/97/54d97bd1892261ceeb11853398730b3fdf1605b15ad2fa9b9a6a51010051/torch-1.2.0-cp27-cp27m-manylinux1_x86_64.whl", hash = "sha256:a8c21f82fd03b67927078ea917040478c3263753fe1906fc19d0f5f0c7d9aa10"},
    {url = "https://files.pythonhosted.org/packages/30/57/d5cceb0799c06733eefce80c395459f28970ebb9e896846ce96ab579a3f1/torch-1.2.0-cp36-cp36m-manylinux1_x86_64.whl", hash = "sha256:a13bf6f78a49d844b85c142b8cd62d2e1833a11ed21ea0bc6b1ac73d24c76415"},
    {url = "https://files.pythonhosted.org/packages/44/47/f39349db6dacff94d8b6bccad9bc3d7ae24632ad4825d7980706dcd9effd/torch-1.2.0-cp35-none-macosx_10_6_x86_64.whl", hash = "sha256:2ac8e58b069232f079bd289aa160366a9367ae1a4616a2c1007dceed19ff9bfa"},
    {url = "https://files.pythonhosted.org/packages/aa/91/d5c9d3fb65ca12c06a3118164a40e6011b7f44c185e0bcd9e055dd1b2b21/torch-1.2.0-cp27-cp27mu-manylinux1_x86_64.whl", hash = "sha256:880a0c22692eaebbce808a5bf2255ab7d345ab43c40795be0a421c6250ba0fb4"},
    {url = "https://files.pythonhosted.org/packages/ba/88/7640344d841e97b9a1531385caac39d984b2c6f4abd1376e1ce0de3a0933/torch-1.2.0-cp37-none-macosx_10_7_x86_64.whl", hash = "sha256:0698d0a48014b9b8f36d93e69901eca2e7ec712cd2033908f7a77e7d86a4f0d7"},
    {url = "https://files.pythonhosted.org/packages/db/64/252fbd52d22cdddc646f3eb676a1a3af9e8ae51b524bbd6d661665eb8353/torch-1.2.0-cp27-none-macosx_10_6_x86_64.whl", hash = "sha256:f63d489c54b4f170ce8335727bbb196ceb9acd0e7805477bbef8fabc914bc0f9"},
]
"torchvision 0.4.0" = [
    {url = "https://files.pythonhosted.org/packages/06/e6/a564eba563f7ff53aa7318ff6aaa5bd8385cbda39ed55ba471e95af27d19/torchvision-0.4.0-cp36-cp36m-manylinux1_x86_64.whl", hash = "sha256:d7939f2ca401de3067a30b6f4dcef63d13d24a4cd1ddc2d3a9af3413ce658d03"},
    {url = "https://files.pythonhosted.org/packages/09/f1/4640b643fc54f3eea7b1f1e406cee7907c41f1dc113375d2298416340f82/torchvision-0.4.0-cp27-cp27m-manylinux1_x86_64.whl", hash = "sha256:740b3718470aa4ec0b389df876eb25117df1952dd2e8105b7828a02aa5bce73b"},
    {url = "https://files.pythonhosted.org/packages/0a/1a/8cf4c4481f4c2b006766e8ba79b57fe82e0ebd39b7a46c2d448717fc8e5a/torchvision-0.4.0-cp27-cp27m-macosx_10_6_x86_64.whl", hash = "sha256:d8c2402704ce8ef8e87e4922160388c7ca010ef27700082014d6bd694cf1cc51"},
    {url = "https://files.pythonhosted.org/packages/1c/f6/e927f7db4f422af037ca3f80b3391e6224ee3ee86473ea05028b2b026f82/torchvision-0.4.0-cp35-cp35m-manylinux1_x86_64.whl", hash = "sha256:904ef213594672f2ed7fafa3ab010cbf2a4704a951a7bf221cf36b3d2e3acd62"},
    {url = "https://files.pythonhosted.org/packages/51/83/2d77d040e34bd8f70dcb4770f7eb7d0aa71e07738abf6831be863ade00db/torchvision-0.4.0-cp37-cp37m-manylinux1_x86_64.whl", hash = "sha256:8114c33b736ee430496eef4fe03b25be8b939b2abd2a968558737bb9aed1928b"},
    {url = "https://files.pythonhosted.org/packages/55/b0/ac86b0b393ec5e73db2f27660f242404dbf9c9449d79a87ba023e7f3cb0e/torchvision-0.4.0-cp36-cp36m-macosx_10_7_x86_64.whl", hash = "sha256:afff8e987564192bc7f139d8b089541d4471ad6fc99e977e8bc8dbb4e0873041"},
    {url = "https://files.pythonhosted.org/packages/5a/4f/dec9ae555a91f87586fd9b1e00b9684f08b94027df29b9745bdcdfa1ce03/torchvision-0.4.0-cp27-cp27mu-manylinux1_x86_64.whl", hash = "sha256:3a8e9403252fefdf6e8f9993ae111d28eb4ad1e73f696f03de485d7f77d88067"},
    {url = "https://files.pythonhosted.org/packages/be/9d/01afb6f6eccde291df2ec254eab7947cd9251cd02d4fac2968fd49e8af73/torchvision-0.4.0-cp37-cp37m-macosx_10_7_x86_64.whl", hash = "sha256:e00de7571d83f968f5aea7a59e84e3262669acef0a077ce4bd705eca2df68167"},
    {url = "https://files.pythonhosted.org/packages/eb/c1/4e7ee6376da798ba8a32bd28b1660c7c88dea93e0ecc3a66d2a24f2c8c14/torchvision-0.4.0-cp35-cp35m-macosx_10_6_x86_64.whl", hash = "sha256:6fff5a31d50de3a59dcceda2a48de9df33a5f43357dc3e0da0ffbb97699aec52"},
]
"tqdm 4.36.1" = [
    {url = "https://files.pythonhosted.org/packages/80/b3/6ca4806441b730782fc4613c6aa2070412295c5521f33ae151988e448929/tqdm-4.36.1.tar.gz", hash = "sha256:abc25d0ce2397d070ef07d8c7e706aede7920da163c64997585d42d3537ece3d"},
    {url = "https://files.pythonhosted.org/packages/e1/c1/bc1dba38b48f4ae3c4428aea669c5e27bd5a7642a74c8348451e0bd8ff86/tqdm-4.36.1-py2.py3-none-any.whl", hash = "sha256:dd3fcca8488bb1d416aa7469d2f277902f26260c45aa86b667b074cd44b3b115"},
]
